
Microsoft Visual Studio Solution File, Format Version 12.00
# Visual Studio Version 16
VisualStudioVersion = 16.0.31911.196
MinimumVisualStudioVersion = 10.0.40219.1
Project("{FAE04EC0-301F-11D3-BF4B-00C04F79EFBC}") = "BlazyBird", "BlazyBird.csproj", "{72A706D1-63A8-472B-B325-2D4C7D3AEA0D}"
EndProject
Global
	GlobalSection(SolutionConfigurationPlatforms) = preSolution
		Debug|Any CPU = Debug|Any CPU
		Release|Any CPU = Release|Any CPU
	EndGlobalSection
	GlobalSection(ProjectConfigurationPlatforms) = postSolution
		{72A706D1-63A8-472B-B325-2D4C7D3AEA0D}.Debug|Any CPU.ActiveCfg = Debug|Any CPU
		{72A706D1-63A8-472B-B325-2D4C7D3AEA0D}.Debug|Any CPU.Build.0 = Debug|Any CPU
		{72A706D1-63A8-472B-B325-2D4C7D3AEA0D}.Release|Any CPU.ActiveCfg = Release|Any CPU
		{72A706D1-63A8-472B-B325-2D4C7D3AEA0D}.Release|Any CPU.Build.0 = Release|Any CPU
	EndGlobalSection
	GlobalSection(SolutionProperties) = preSolution
		HideSolutionNode = FALSE
	EndGlobalSection
	GlobalSection(ExtensibilityGlobals) = postSolution
		SolutionGuid = {87D713F7-7166-426C-8546-F5DB6C5B72D6}
	EndGlobalSection
EndGlobal
